
Microsoft Visual Studio Solution File, Format Version 12.00
# Visual Studio 15
VisualStudioVersion = 15.0.27130.2010
MinimumVisualStudioVersion = 10.0.40219.1
Project("{FAE04EC0-301F-11D3-BF4B-00C04F79EFBC}") = "SocialTrading.Android", "SocialTrading\SocialTrading.Android\SocialTrading.Android.csproj", "{226B3910-28CA-49D6-86F7-03E8EA1AA154}"
EndProject
Project("{FAE04EC0-301F-11D3-BF4B-00C04F79EFBC}") = "SocialTrading", "SocialTrading\SocialTrading\SocialTrading.csproj", "{7F3B2F22-9EF0-48A2-BF77-5B9C772EE5ED}"
EndProject
Project("{FAE04EC0-301F-11D3-BF4B-00C04F79EFBC}") = "LocalDBDroid", "LocalDBDroid\LocalDBDroid.csproj", "{DD4ABA75-21AF-479E-84E6-BF254CB89CEF}"
EndProject
Project("{FAE04EC0-301F-11D3-BF4B-00C04F79EFBC}") = "LocalDBiOS", "LocalDBiOS\LocalDBiOS.csproj", "{DAE192EE-C1FD-4E9D-8B6F-A3CE53F2B263}"
EndProject
Project("{FAE04EC0-301F-11D3-BF4B-00C04F79EFBC}") = "LocalDB", "LocalDB\LocalDB.csproj", "{2F1832B2-25E5-423A-9D25-ED32A8CB19E6}"
EndProject
Project("{2150E333-8FDC-42A3-9474-1A3956D46DE8}") = "LocalDBs", "LocalDBs", "{2D552951-C32A-498A-A641-7686F08C4242}"
EndProject
Project("{2150E333-8FDC-42A3-9474-1A3956D46DE8}") = "MAST", "MAST", "{9EE09997-9D85-4EAC-868B-9F1ACCE95275}"
EndProject
Project("{2150E333-8FDC-42A3-9474-1A3956D46DE8}") = "Tests", "Tests", "{ABFA0CEB-971B-4495-9869-AD665C39E0F3}"
EndProject
Project("{FAE04EC0-301F-11D3-BF4B-00C04F79EFBC}") = "MASTTests", "MASTTests\MASTTests.csproj", "{8EDF4429-251A-416D-BB68-93F227191BCF}"
EndProject
Project("{2150E333-8FDC-42A3-9474-1A3956D46DE8}") = "UI_Test", "UI_Test", "{51B199F5-69C8-471A-95F4-C68839E26F2E}"
EndProject
Project("{FAE04EC0-301F-11D3-BF4B-00C04F79EFBC}") = "MAST_UI_Smoke", "MAST_UI_Smoke\MAST_UI_Smoke.csproj", "{2BCD1A44-858D-4C57-9FB4-CD840D5BFC77}"
EndProject
Project("{FAE04EC0-301F-11D3-BF4B-00C04F79EFBC}") = "MAST_UI_Portable", "MAST_UI_Portable\MAST_UI_Portable.csproj", "{058AFCAE-8566-4C36-BE82-3858BF20277C}"
EndProject
Project("{FAE04EC0-301F-11D3-BF4B-00C04F79EFBC}") = "MAST_UI_Cloud", "MAST_UI_Cloud\MAST_UI_Cloud.csproj", "{48661B74-5A66-44EC-A4D3-D3CBF9024D95}"
EndProject
Project("{FAE04EC0-301F-11D3-BF4B-00C04F79EFBC}") = "MASTTest_API", "MASTTest_API\MASTTest_API.csproj", "{CF96F005-E787-4848-8463-11288F8CF1CD}"
EndProject
Project("{FAE04EC0-301F-11D3-BF4B-00C04F79EFBC}") = "SocialTrading.iOS", "SocialTrading\SocialTrading.iOS\SocialTrading.iOS.csproj", "{D81BE27C-9D0C-4A63-9155-9EA7028ADB31}"
EndProject
Global
	GlobalSection(SolutionConfigurationPlatforms) = preSolution
		BuildUITestCI|Any CPU = BuildUITestCI|Any CPU
		BuildUITestCI|ARM = BuildUITestCI|ARM
		BuildUITestCI|iPhone = BuildUITestCI|iPhone
		BuildUITestCI|iPhoneSimulator = BuildUITestCI|iPhoneSimulator
		BuildUITestCI|x64 = BuildUITestCI|x64
		BuildUITestCI|x86 = BuildUITestCI|x86
		Debug|Any CPU = Debug|Any CPU
		Debug|ARM = Debug|ARM
		Debug|iPhone = Debug|iPhone
		Debug|iPhoneSimulator = Debug|iPhoneSimulator
		Debug|x64 = Debug|x64
		Debug|x86 = Debug|x86
		Mock|Any CPU = Mock|Any CPU
		Mock|ARM = Mock|ARM
		Mock|iPhone = Mock|iPhone
		Mock|iPhoneSimulator = Mock|iPhoneSimulator
		Mock|x64 = Mock|x64
		Mock|x86 = Mock|x86
		Release|Any CPU = Release|Any CPU
		Release|ARM = Release|ARM
		Release|iPhone = Release|iPhone
		Release|iPhoneSimulator = Release|iPhoneSimulator
		Release|x64 = Release|x64
		Release|x86 = Release|x86
		ReleaseDeployTestFlight|Any CPU = ReleaseDeployTestFlight|Any CPU
		ReleaseDeployTestFlight|ARM = ReleaseDeployTestFlight|ARM
		ReleaseDeployTestFlight|iPhone = ReleaseDeployTestFlight|iPhone
		ReleaseDeployTestFlight|iPhoneSimulator = ReleaseDeployTestFlight|iPhoneSimulator
		ReleaseDeployTestFlight|x64 = ReleaseDeployTestFlight|x64
		ReleaseDeployTestFlight|x86 = ReleaseDeployTestFlight|x86
	EndGlobalSection
	GlobalSection(ProjectConfigurationPlatforms) = postSolution
		{226B3910-28CA-49D6-86F7-03E8EA1AA154}.BuildUITestCI|Any CPU.ActiveCfg = BuildUITestCI|Any CPU
		{226B3910-28CA-49D6-86F7-03E8EA1AA154}.BuildUITestCI|Any CPU.Build.0 = BuildUITestCI|Any CPU
		{226B3910-28CA-49D6-86F7-03E8EA1AA154}.BuildUITestCI|ARM.ActiveCfg = BuildUITestCI|Any CPU
		{226B3910-28CA-49D6-86F7-03E8EA1AA154}.BuildUITestCI|ARM.Build.0 = BuildUITestCI|Any CPU
		{226B3910-28CA-49D6-86F7-03E8EA1AA154}.BuildUITestCI|ARM.Deploy.0 = BuildUITestCI|Any CPU
		{226B3910-28CA-49D6-86F7-03E8EA1AA154}.BuildUITestCI|iPhone.ActiveCfg = BuildUITestCI|iPhone
		{226B3910-28CA-49D6-86F7-03E8EA1AA154}.BuildUITestCI|iPhone.Build.0 = BuildUITestCI|iPhone
		{226B3910-28CA-49D6-86F7-03E8EA1AA154}.BuildUITestCI|iPhone.Deploy.0 = BuildUITestCI|iPhone
		{226B3910-28CA-49D6-86F7-03E8EA1AA154}.BuildUITestCI|iPhoneSimulator.ActiveCfg = BuildUITestCI|Any CPU
		{226B3910-28CA-49D6-86F7-03E8EA1AA154}.BuildUITestCI|iPhoneSimulator.Deploy.0 = BuildUITestCI|Any CPU
		{226B3910-28CA-49D6-86F7-03E8EA1AA154}.BuildUITestCI|x64.ActiveCfg = BuildUITestCI|Any CPU
		{226B3910-28CA-49D6-86F7-03E8EA1AA154}.BuildUITestCI|x64.Build.0 = BuildUITestCI|Any CPU
		{226B3910-28CA-49D6-86F7-03E8EA1AA154}.BuildUITestCI|x64.Deploy.0 = BuildUITestCI|Any CPU
		{226B3910-28CA-49D6-86F7-03E8EA1AA154}.BuildUITestCI|x86.ActiveCfg = BuildUITestCI|Any CPU
		{226B3910-28CA-49D6-86F7-03E8EA1AA154}.BuildUITestCI|x86.Build.0 = BuildUITestCI|Any CPU
		{226B3910-28CA-49D6-86F7-03E8EA1AA154}.BuildUITestCI|x86.Deploy.0 = BuildUITestCI|Any CPU
		{226B3910-28CA-49D6-86F7-03E8EA1AA154}.Debug|Any CPU.ActiveCfg = Debug|Any CPU
		{226B3910-28CA-49D6-86F7-03E8EA1AA154}.Debug|Any CPU.Build.0 = Debug|Any CPU
		{226B3910-28CA-49D6-86F7-03E8EA1AA154}.Debug|Any CPU.Deploy.0 = Debug|Any CPU
		{226B3910-28CA-49D6-86F7-03E8EA1AA154}.Debug|ARM.ActiveCfg = Debug|Any CPU
		{226B3910-28CA-49D6-86F7-03E8EA1AA154}.Debug|ARM.Build.0 = Debug|Any CPU
		{226B3910-28CA-49D6-86F7-03E8EA1AA154}.Debug|ARM.Deploy.0 = Debug|Any CPU
		{226B3910-28CA-49D6-86F7-03E8EA1AA154}.Debug|iPhone.ActiveCfg = Debug|Any CPU
		{226B3910-28CA-49D6-86F7-03E8EA1AA154}.Debug|iPhone.Deploy.0 = Debug|Any CPU
		{226B3910-28CA-49D6-86F7-03E8EA1AA154}.Debug|iPhoneSimulator.ActiveCfg = Debug|Any CPU
		{226B3910-28CA-49D6-86F7-03E8EA1AA154}.Debug|x64.ActiveCfg = Debug|Any CPU
		{226B3910-28CA-49D6-86F7-03E8EA1AA154}.Debug|x64.Build.0 = Debug|Any CPU
		{226B3910-28CA-49D6-86F7-03E8EA1AA154}.Debug|x64.Deploy.0 = Debug|Any CPU
		{226B3910-28CA-49D6-86F7-03E8EA1AA154}.Debug|x86.ActiveCfg = Debug|Any CPU
		{226B3910-28CA-49D6-86F7-03E8EA1AA154}.Debug|x86.Build.0 = Debug|Any CPU
		{226B3910-28CA-49D6-86F7-03E8EA1AA154}.Debug|x86.Deploy.0 = Debug|Any CPU
		{226B3910-28CA-49D6-86F7-03E8EA1AA154}.Mock|Any CPU.ActiveCfg = Mock|Any CPU
		{226B3910-28CA-49D6-86F7-03E8EA1AA154}.Mock|Any CPU.Build.0 = Mock|Any CPU
		{226B3910-28CA-49D6-86F7-03E8EA1AA154}.Mock|Any CPU.Deploy.0 = Mock|Any CPU
		{226B3910-28CA-49D6-86F7-03E8EA1AA154}.Mock|ARM.ActiveCfg = Mock|Any CPU
		{226B3910-28CA-49D6-86F7-03E8EA1AA154}.Mock|ARM.Build.0 = Mock|Any CPU
		{226B3910-28CA-49D6-86F7-03E8EA1AA154}.Mock|ARM.Deploy.0 = Mock|Any CPU
		{226B3910-28CA-49D6-86F7-03E8EA1AA154}.Mock|iPhone.ActiveCfg = Mock|Any CPU
		{226B3910-28CA-49D6-86F7-03E8EA1AA154}.Mock|iPhone.Build.0 = Mock|Any CPU
		{226B3910-28CA-49D6-86F7-03E8EA1AA154}.Mock|iPhone.Deploy.0 = Mock|Any CPU
		{226B3910-28CA-49D6-86F7-03E8EA1AA154}.Mock|iPhoneSimulator.ActiveCfg = Mock|Any CPU
		{226B3910-28CA-49D6-86F7-03E8EA1AA154}.Mock|iPhoneSimulator.Build.0 = Mock|Any CPU
		{226B3910-28CA-49D6-86F7-03E8EA1AA154}.Mock|iPhoneSimulator.Deploy.0 = Mock|Any CPU
		{226B3910-28CA-49D6-86F7-03E8EA1AA154}.Mock|x64.ActiveCfg = Mock|Any CPU
		{226B3910-28CA-49D6-86F7-03E8EA1AA154}.Mock|x64.Build.0 = Mock|Any CPU
		{226B3910-28CA-49D6-86F7-03E8EA1AA154}.Mock|x64.Deploy.0 = Mock|Any CPU
		{226B3910-28CA-49D6-86F7-03E8EA1AA154}.Mock|x86.ActiveCfg = Mock|Any CPU
		{226B3910-28CA-49D6-86F7-03E8EA1AA154}.Mock|x86.Build.0 = Mock|Any CPU
		{226B3910-28CA-49D6-86F7-03E8EA1AA154}.Mock|x86.Deploy.0 = Mock|Any CPU
		{226B3910-28CA-49D6-86F7-03E8EA1AA154}.Release|Any CPU.ActiveCfg = Release|Any CPU
		{226B3910-28CA-49D6-86F7-03E8EA1AA154}.Release|Any CPU.Build.0 = Release|Any CPU
		{226B3910-28CA-49D6-86F7-03E8EA1AA154}.Release|Any CPU.Deploy.0 = Release|Any CPU
		{226B3910-28CA-49D6-86F7-03E8EA1AA154}.Release|ARM.ActiveCfg = Release|Any CPU
		{226B3910-28CA-49D6-86F7-03E8EA1AA154}.Release|ARM.Build.0 = Release|Any CPU
		{226B3910-28CA-49D6-86F7-03E8EA1AA154}.Release|ARM.Deploy.0 = Release|Any CPU
		{226B3910-28CA-49D6-86F7-03E8EA1AA154}.Release|iPhone.ActiveCfg = Release|Any CPU
		{226B3910-28CA-49D6-86F7-03E8EA1AA154}.Release|iPhone.Deploy.0 = Release|Any CPU
		{226B3910-28CA-49D6-86F7-03E8EA1AA154}.Release|iPhoneSimulator.ActiveCfg = Release|Any CPU
		{226B3910-28CA-49D6-86F7-03E8EA1AA154}.Release|iPhoneSimulator.Deploy.0 = Release|Any CPU
		{226B3910-28CA-49D6-86F7-03E8EA1AA154}.Release|x64.ActiveCfg = Release|Any CPU
		{226B3910-28CA-49D6-86F7-03E8EA1AA154}.Release|x64.Build.0 = Release|Any CPU
		{226B3910-28CA-49D6-86F7-03E8EA1AA154}.Release|x64.Deploy.0 = Release|Any CPU
		{226B3910-28CA-49D6-86F7-03E8EA1AA154}.Release|x86.ActiveCfg = Release|Any CPU
		{226B3910-28CA-49D6-86F7-03E8EA1AA154}.Release|x86.Build.0 = Release|Any CPU
		{226B3910-28CA-49D6-86F7-03E8EA1AA154}.Release|x86.Deploy.0 = Release|Any CPU
		{226B3910-28CA-49D6-86F7-03E8EA1AA154}.ReleaseDeployTestFlight|Any CPU.ActiveCfg = Release|Any CPU
		{226B3910-28CA-49D6-86F7-03E8EA1AA154}.ReleaseDeployTestFlight|ARM.ActiveCfg = Release|Any CPU
		{226B3910-28CA-49D6-86F7-03E8EA1AA154}.ReleaseDeployTestFlight|iPhone.ActiveCfg = Release|Any CPU
		{226B3910-28CA-49D6-86F7-03E8EA1AA154}.ReleaseDeployTestFlight|iPhoneSimulator.ActiveCfg = Release|Any CPU
		{226B3910-28CA-49D6-86F7-03E8EA1AA154}.ReleaseDeployTestFlight|x64.ActiveCfg = Release|Any CPU
		{226B3910-28CA-49D6-86F7-03E8EA1AA154}.ReleaseDeployTestFlight|x86.ActiveCfg = Release|Any CPU
		{226B3910-28CA-49D6-86F7-03E8EA1AA154}.ReleaseDeployTestFlight|Any CPU.Build.0 = Release|Any CPU
		{7F3B2F22-9EF0-48A2-BF77-5B9C772EE5ED}.BuildUITestCI|Any CPU.ActiveCfg = BuildUITestCI|Any CPU
		{7F3B2F22-9EF0-48A2-BF77-5B9C772EE5ED}.BuildUITestCI|Any CPU.Build.0 = BuildUITestCI|Any CPU
		{7F3B2F22-9EF0-48A2-BF77-5B9C772EE5ED}.BuildUITestCI|ARM.ActiveCfg = BuildUITestCI|Any CPU
		{7F3B2F22-9EF0-48A2-BF77-5B9C772EE5ED}.BuildUITestCI|ARM.Build.0 = BuildUITestCI|Any CPU
		{7F3B2F22-9EF0-48A2-BF77-5B9C772EE5ED}.BuildUITestCI|iPhone.ActiveCfg = BuildUITestCI|iPhone
		{7F3B2F22-9EF0-48A2-BF77-5B9C772EE5ED}.BuildUITestCI|iPhone.Build.0 = BuildUITestCI|iPhone
		{7F3B2F22-9EF0-48A2-BF77-5B9C772EE5ED}.BuildUITestCI|iPhoneSimulator.ActiveCfg = BuildUITestCI|Any CPU
		{7F3B2F22-9EF0-48A2-BF77-5B9C772EE5ED}.BuildUITestCI|iPhoneSimulator.Build.0 = BuildUITestCI|Any CPU
		{7F3B2F22-9EF0-48A2-BF77-5B9C772EE5ED}.BuildUITestCI|x64.ActiveCfg = BuildUITestCI|Any CPU
		{7F3B2F22-9EF0-48A2-BF77-5B9C772EE5ED}.BuildUITestCI|x64.Build.0 = BuildUITestCI|Any CPU
		{7F3B2F22-9EF0-48A2-BF77-5B9C772EE5ED}.BuildUITestCI|x86.ActiveCfg = BuildUITestCI|Any CPU
		{7F3B2F22-9EF0-48A2-BF77-5B9C772EE5ED}.BuildUITestCI|x86.Build.0 = BuildUITestCI|Any CPU
		{7F3B2F22-9EF0-48A2-BF77-5B9C772EE5ED}.Debug|Any CPU.ActiveCfg = Debug|Any CPU
		{7F3B2F22-9EF0-48A2-BF77-5B9C772EE5ED}.Debug|Any CPU.Build.0 = Debug|Any CPU
		{7F3B2F22-9EF0-48A2-BF77-5B9C772EE5ED}.Debug|ARM.ActiveCfg = Debug|Any CPU
		{7F3B2F22-9EF0-48A2-BF77-5B9C772EE5ED}.Debug|ARM.Build.0 = Debug|Any CPU
		{7F3B2F22-9EF0-48A2-BF77-5B9C772EE5ED}.Debug|iPhone.ActiveCfg = Debug|Any CPU
		{7F3B2F22-9EF0-48A2-BF77-5B9C772EE5ED}.Debug|iPhone.Build.0 = Debug|Any CPU
		{7F3B2F22-9EF0-48A2-BF77-5B9C772EE5ED}.Debug|iPhoneSimulator.ActiveCfg = Debug|Any CPU
		{7F3B2F22-9EF0-48A2-BF77-5B9C772EE5ED}.Debug|iPhoneSimulator.Build.0 = Debug|Any CPU
		{7F3B2F22-9EF0-48A2-BF77-5B9C772EE5ED}.Debug|x64.ActiveCfg = Debug|Any CPU
		{7F3B2F22-9EF0-48A2-BF77-5B9C772EE5ED}.Debug|x64.Build.0 = Debug|Any CPU
		{7F3B2F22-9EF0-48A2-BF77-5B9C772EE5ED}.Debug|x86.ActiveCfg = Debug|Any CPU
		{7F3B2F22-9EF0-48A2-BF77-5B9C772EE5ED}.Debug|x86.Build.0 = Debug|Any CPU
		{7F3B2F22-9EF0-48A2-BF77-5B9C772EE5ED}.Mock|Any CPU.ActiveCfg = Mock|Any CPU
		{7F3B2F22-9EF0-48A2-BF77-5B9C772EE5ED}.Mock|Any CPU.Build.0 = Mock|Any CPU
		{7F3B2F22-9EF0-48A2-BF77-5B9C772EE5ED}.Mock|ARM.ActiveCfg = Mock|Any CPU
		{7F3B2F22-9EF0-48A2-BF77-5B9C772EE5ED}.Mock|ARM.Build.0 = Mock|Any CPU
		{7F3B2F22-9EF0-48A2-BF77-5B9C772EE5ED}.Mock|iPhone.ActiveCfg = Mock|Any CPU
		{7F3B2F22-9EF0-48A2-BF77-5B9C772EE5ED}.Mock|iPhone.Build.0 = Mock|Any CPU
		{7F3B2F22-9EF0-48A2-BF77-5B9C772EE5ED}.Mock|iPhoneSimulator.ActiveCfg = Mock|Any CPU
		{7F3B2F22-9EF0-48A2-BF77-5B9C772EE5ED}.Mock|iPhoneSimulator.Build.0 = Mock|Any CPU
		{7F3B2F22-9EF0-48A2-BF77-5B9C772EE5ED}.Mock|x64.ActiveCfg = Mock|Any CPU
		{7F3B2F22-9EF0-48A2-BF77-5B9C772EE5ED}.Mock|x64.Build.0 = Mock|Any CPU
		{7F3B2F22-9EF0-48A2-BF77-5B9C772EE5ED}.Mock|x86.ActiveCfg = Mock|Any CPU
		{7F3B2F22-9EF0-48A2-BF77-5B9C772EE5ED}.Mock|x86.Build.0 = Mock|Any CPU
		{7F3B2F22-9EF0-48A2-BF77-5B9C772EE5ED}.Release|Any CPU.ActiveCfg = Release|Any CPU
		{7F3B2F22-9EF0-48A2-BF77-5B9C772EE5ED}.Release|Any CPU.Build.0 = Release|Any CPU
		{7F3B2F22-9EF0-48A2-BF77-5B9C772EE5ED}.Release|ARM.ActiveCfg = Release|Any CPU
		{7F3B2F22-9EF0-48A2-BF77-5B9C772EE5ED}.Release|ARM.Build.0 = Release|Any CPU
		{7F3B2F22-9EF0-48A2-BF77-5B9C772EE5ED}.Release|iPhone.ActiveCfg = Release|Any CPU
		{7F3B2F22-9EF0-48A2-BF77-5B9C772EE5ED}.Release|iPhone.Build.0 = Release|Any CPU
		{7F3B2F22-9EF0-48A2-BF77-5B9C772EE5ED}.Release|iPhoneSimulator.ActiveCfg = Release|Any CPU
		{7F3B2F22-9EF0-48A2-BF77-5B9C772EE5ED}.Release|iPhoneSimulator.Build.0 = Release|Any CPU
		{7F3B2F22-9EF0-48A2-BF77-5B9C772EE5ED}.Release|x64.ActiveCfg = Release|Any CPU
		{7F3B2F22-9EF0-48A2-BF77-5B9C772EE5ED}.Release|x64.Build.0 = Release|Any CPU
		{7F3B2F22-9EF0-48A2-BF77-5B9C772EE5ED}.Release|x86.ActiveCfg = Release|Any CPU
		{7F3B2F22-9EF0-48A2-BF77-5B9C772EE5ED}.Release|x86.Build.0 = Release|Any CPU
		{7F3B2F22-9EF0-48A2-BF77-5B9C772EE5ED}.ReleaseDeployTestFlight|Any CPU.ActiveCfg = ReleaseDeployTestFlight|Any CPU
		{7F3B2F22-9EF0-48A2-BF77-5B9C772EE5ED}.ReleaseDeployTestFlight|Any CPU.Build.0 = ReleaseDeployTestFlight|Any CPU
		{7F3B2F22-9EF0-48A2-BF77-5B9C772EE5ED}.ReleaseDeployTestFlight|ARM.ActiveCfg = ReleaseDeployTestFlight|Any CPU
		{7F3B2F22-9EF0-48A2-BF77-5B9C772EE5ED}.ReleaseDeployTestFlight|ARM.Build.0 = ReleaseDeployTestFlight|Any CPU
		{7F3B2F22-9EF0-48A2-BF77-5B9C772EE5ED}.ReleaseDeployTestFlight|iPhone.ActiveCfg = ReleaseDeployTestFlight|iPhone
		{7F3B2F22-9EF0-48A2-BF77-5B9C772EE5ED}.ReleaseDeployTestFlight|iPhone.Build.0 = ReleaseDeployTestFlight|iPhone
		{7F3B2F22-9EF0-48A2-BF77-5B9C772EE5ED}.ReleaseDeployTestFlight|iPhoneSimulator.ActiveCfg = ReleaseDeployTestFlight|Any CPU
		{7F3B2F22-9EF0-48A2-BF77-5B9C772EE5ED}.ReleaseDeployTestFlight|iPhoneSimulator.Build.0 = ReleaseDeployTestFlight|Any CPU
		{7F3B2F22-9EF0-48A2-BF77-5B9C772EE5ED}.ReleaseDeployTestFlight|x64.ActiveCfg = ReleaseDeployTestFlight|Any CPU
		{7F3B2F22-9EF0-48A2-BF77-5B9C772EE5ED}.ReleaseDeployTestFlight|x64.Build.0 = ReleaseDeployTestFlight|Any CPU
		{7F3B2F22-9EF0-48A2-BF77-5B9C772EE5ED}.ReleaseDeployTestFlight|x86.ActiveCfg = ReleaseDeployTestFlight|Any CPU
		{7F3B2F22-9EF0-48A2-BF77-5B9C772EE5ED}.ReleaseDeployTestFlight|x86.Build.0 = ReleaseDeployTestFlight|Any CPU
		{DD4ABA75-21AF-479E-84E6-BF254CB89CEF}.BuildUITestCI|Any CPU.ActiveCfg = BuildUITestCI|Any CPU
		{DD4ABA75-21AF-479E-84E6-BF254CB89CEF}.BuildUITestCI|ARM.ActiveCfg = BuildUITestCI|Any CPU
		{DD4ABA75-21AF-479E-84E6-BF254CB89CEF}.BuildUITestCI|iPhone.ActiveCfg = BuildUITestCI|iPhone
		{DD4ABA75-21AF-479E-84E6-BF254CB89CEF}.BuildUITestCI|iPhoneSimulator.ActiveCfg = BuildUITestCI|Any CPU
		{DD4ABA75-21AF-479E-84E6-BF254CB89CEF}.BuildUITestCI|x64.ActiveCfg = BuildUITestCI|Any CPU
		{DD4ABA75-21AF-479E-84E6-BF254CB89CEF}.BuildUITestCI|x64.Build.0 = BuildUITestCI|Any CPU
		{DD4ABA75-21AF-479E-84E6-BF254CB89CEF}.BuildUITestCI|x86.ActiveCfg = BuildUITestCI|Any CPU
		{DD4ABA75-21AF-479E-84E6-BF254CB89CEF}.BuildUITestCI|x86.Build.0 = BuildUITestCI|Any CPU
		{DD4ABA75-21AF-479E-84E6-BF254CB89CEF}.Debug|Any CPU.ActiveCfg = Debug|Any CPU
		{DD4ABA75-21AF-479E-84E6-BF254CB89CEF}.Debug|ARM.ActiveCfg = Debug|Any CPU
		{DD4ABA75-21AF-479E-84E6-BF254CB89CEF}.Debug|iPhone.ActiveCfg = Debug|Any CPU
		{DD4ABA75-21AF-479E-84E6-BF254CB89CEF}.Debug|iPhoneSimulator.ActiveCfg = Debug|Any CPU
		{DD4ABA75-21AF-479E-84E6-BF254CB89CEF}.Debug|x64.ActiveCfg = Debug|Any CPU
		{DD4ABA75-21AF-479E-84E6-BF254CB89CEF}.Debug|x86.ActiveCfg = Debug|Any CPU
		{DD4ABA75-21AF-479E-84E6-BF254CB89CEF}.Mock|Any CPU.ActiveCfg = Release|Any CPU
		{DD4ABA75-21AF-479E-84E6-BF254CB89CEF}.Mock|ARM.ActiveCfg = Release|Any CPU
		{DD4ABA75-21AF-479E-84E6-BF254CB89CEF}.Mock|iPhone.ActiveCfg = Release|Any CPU
		{DD4ABA75-21AF-479E-84E6-BF254CB89CEF}.Mock|iPhoneSimulator.ActiveCfg = Release|Any CPU
		{DD4ABA75-21AF-479E-84E6-BF254CB89CEF}.Mock|x64.ActiveCfg = Release|Any CPU
		{DD4ABA75-21AF-479E-84E6-BF254CB89CEF}.Mock|x86.ActiveCfg = Release|Any CPU
		{DD4ABA75-21AF-479E-84E6-BF254CB89CEF}.Release|Any CPU.ActiveCfg = Release|Any CPU
		{DD4ABA75-21AF-479E-84E6-BF254CB89CEF}.Release|ARM.ActiveCfg = Release|Any CPU
		{DD4ABA75-21AF-479E-84E6-BF254CB89CEF}.Release|iPhone.ActiveCfg = Release|Any CPU
		{DD4ABA75-21AF-479E-84E6-BF254CB89CEF}.Release|iPhoneSimulator.ActiveCfg = Release|Any CPU
		{DD4ABA75-21AF-479E-84E6-BF254CB89CEF}.Release|x64.ActiveCfg = Release|Any CPU
		{DD4ABA75-21AF-479E-84E6-BF254CB89CEF}.Release|x86.ActiveCfg = Release|Any CPU
		{DD4ABA75-21AF-479E-84E6-BF254CB89CEF}.ReleaseDeployTestFlight|Any CPU.ActiveCfg = ReleaseDeployTestFlight|Any CPU
		{DD4ABA75-21AF-479E-84E6-BF254CB89CEF}.ReleaseDeployTestFlight|ARM.ActiveCfg = ReleaseDeployTestFlight|Any CPU
		{DD4ABA75-21AF-479E-84E6-BF254CB89CEF}.ReleaseDeployTestFlight|ARM.Build.0 = ReleaseDeployTestFlight|Any CPU
		{DD4ABA75-21AF-479E-84E6-BF254CB89CEF}.ReleaseDeployTestFlight|iPhone.ActiveCfg = ReleaseDeployTestFlight|iPhone
		{DD4ABA75-21AF-479E-84E6-BF254CB89CEF}.ReleaseDeployTestFlight|iPhoneSimulator.ActiveCfg = ReleaseDeployTestFlight|Any CPU
		{DD4ABA75-21AF-479E-84E6-BF254CB89CEF}.ReleaseDeployTestFlight|x64.ActiveCfg = ReleaseDeployTestFlight|Any CPU
		{DD4ABA75-21AF-479E-84E6-BF254CB89CEF}.ReleaseDeployTestFlight|x64.Build.0 = ReleaseDeployTestFlight|Any CPU
		{DD4ABA75-21AF-479E-84E6-BF254CB89CEF}.ReleaseDeployTestFlight|x86.ActiveCfg = ReleaseDeployTestFlight|Any CPU
		{DD4ABA75-21AF-479E-84E6-BF254CB89CEF}.ReleaseDeployTestFlight|x86.Build.0 = ReleaseDeployTestFlight|Any CPU
		{DAE192EE-C1FD-4E9D-8B6F-A3CE53F2B263}.BuildUITestCI|Any CPU.ActiveCfg = BuildUITestCI|Any CPU
		{DAE192EE-C1FD-4E9D-8B6F-A3CE53F2B263}.BuildUITestCI|ARM.ActiveCfg = BuildUITestCI|Any CPU
		{DAE192EE-C1FD-4E9D-8B6F-A3CE53F2B263}.BuildUITestCI|iPhone.ActiveCfg = BuildUITestCI|iPhone
		{DAE192EE-C1FD-4E9D-8B6F-A3CE53F2B263}.BuildUITestCI|iPhoneSimulator.ActiveCfg = BuildUITestCI|Any CPU
		{DAE192EE-C1FD-4E9D-8B6F-A3CE53F2B263}.BuildUITestCI|x64.ActiveCfg = BuildUITestCI|Any CPU
		{DAE192EE-C1FD-4E9D-8B6F-A3CE53F2B263}.BuildUITestCI|x64.Build.0 = BuildUITestCI|Any CPU
		{DAE192EE-C1FD-4E9D-8B6F-A3CE53F2B263}.BuildUITestCI|x86.ActiveCfg = BuildUITestCI|Any CPU
		{DAE192EE-C1FD-4E9D-8B6F-A3CE53F2B263}.BuildUITestCI|x86.Build.0 = BuildUITestCI|Any CPU
		{DAE192EE-C1FD-4E9D-8B6F-A3CE53F2B263}.Debug|Any CPU.ActiveCfg = Debug|Any CPU
		{DAE192EE-C1FD-4E9D-8B6F-A3CE53F2B263}.Debug|Any CPU.Deploy.0 = Debug|Any CPU
		{DAE192EE-C1FD-4E9D-8B6F-A3CE53F2B263}.Debug|ARM.ActiveCfg = Debug|Any CPU
		{DAE192EE-C1FD-4E9D-8B6F-A3CE53F2B263}.Debug|iPhone.ActiveCfg = Debug|Any CPU
		{DAE192EE-C1FD-4E9D-8B6F-A3CE53F2B263}.Debug|iPhoneSimulator.ActiveCfg = Debug|Any CPU
		{DAE192EE-C1FD-4E9D-8B6F-A3CE53F2B263}.Debug|x64.ActiveCfg = Debug|Any CPU
		{DAE192EE-C1FD-4E9D-8B6F-A3CE53F2B263}.Debug|x86.ActiveCfg = Debug|Any CPU
		{DAE192EE-C1FD-4E9D-8B6F-A3CE53F2B263}.Mock|Any CPU.ActiveCfg = Release|Any CPU
		{DAE192EE-C1FD-4E9D-8B6F-A3CE53F2B263}.Mock|ARM.ActiveCfg = Release|Any CPU
		{DAE192EE-C1FD-4E9D-8B6F-A3CE53F2B263}.Mock|iPhone.ActiveCfg = Release|Any CPU
		{DAE192EE-C1FD-4E9D-8B6F-A3CE53F2B263}.Mock|iPhoneSimulator.ActiveCfg = Release|Any CPU
		{DAE192EE-C1FD-4E9D-8B6F-A3CE53F2B263}.Mock|x64.ActiveCfg = Release|Any CPU
		{DAE192EE-C1FD-4E9D-8B6F-A3CE53F2B263}.Mock|x86.ActiveCfg = Release|Any CPU
		{DAE192EE-C1FD-4E9D-8B6F-A3CE53F2B263}.Release|Any CPU.ActiveCfg = Release|Any CPU
		{DAE192EE-C1FD-4E9D-8B6F-A3CE53F2B263}.Release|ARM.ActiveCfg = Release|Any CPU
		{DAE192EE-C1FD-4E9D-8B6F-A3CE53F2B263}.Release|iPhone.ActiveCfg = Release|Any CPU
		{DAE192EE-C1FD-4E9D-8B6F-A3CE53F2B263}.Release|iPhoneSimulator.ActiveCfg = Release|Any CPU
		{DAE192EE-C1FD-4E9D-8B6F-A3CE53F2B263}.Release|x64.ActiveCfg = Release|Any CPU
		{DAE192EE-C1FD-4E9D-8B6F-A3CE53F2B263}.Release|x86.ActiveCfg = Release|Any CPU
		{DAE192EE-C1FD-4E9D-8B6F-A3CE53F2B263}.ReleaseDeployTestFlight|Any CPU.ActiveCfg = ReleaseDeployTestFlight|Any CPU
		{DAE192EE-C1FD-4E9D-8B6F-A3CE53F2B263}.ReleaseDeployTestFlight|ARM.ActiveCfg = ReleaseDeployTestFlight|Any CPU
		{DAE192EE-C1FD-4E9D-8B6F-A3CE53F2B263}.ReleaseDeployTestFlight|ARM.Build.0 = ReleaseDeployTestFlight|Any CPU
		{DAE192EE-C1FD-4E9D-8B6F-A3CE53F2B263}.ReleaseDeployTestFlight|iPhone.ActiveCfg = ReleaseDeployTestFlight|iPhone
		{DAE192EE-C1FD-4E9D-8B6F-A3CE53F2B263}.ReleaseDeployTestFlight|iPhoneSimulator.ActiveCfg = ReleaseDeployTestFlight|Any CPU
		{DAE192EE-C1FD-4E9D-8B6F-A3CE53F2B263}.ReleaseDeployTestFlight|x64.ActiveCfg = ReleaseDeployTestFlight|Any CPU
		{DAE192EE-C1FD-4E9D-8B6F-A3CE53F2B263}.ReleaseDeployTestFlight|x64.Build.0 = ReleaseDeployTestFlight|Any CPU
		{DAE192EE-C1FD-4E9D-8B6F-A3CE53F2B263}.ReleaseDeployTestFlight|x86.ActiveCfg = ReleaseDeployTestFlight|Any CPU
		{DAE192EE-C1FD-4E9D-8B6F-A3CE53F2B263}.ReleaseDeployTestFlight|x86.Build.0 = ReleaseDeployTestFlight|Any CPU
		{2F1832B2-25E5-423A-9D25-ED32A8CB19E6}.BuildUITestCI|Any CPU.ActiveCfg = BuildUITestCI|Any CPU
		{2F1832B2-25E5-423A-9D25-ED32A8CB19E6}.BuildUITestCI|ARM.ActiveCfg = BuildUITestCI|Any CPU
		{2F1832B2-25E5-423A-9D25-ED32A8CB19E6}.BuildUITestCI|iPhone.ActiveCfg = BuildUITestCI|iPhone
		{2F1832B2-25E5-423A-9D25-ED32A8CB19E6}.BuildUITestCI|iPhoneSimulator.ActiveCfg = BuildUITestCI|Any CPU
		{2F1832B2-25E5-423A-9D25-ED32A8CB19E6}.BuildUITestCI|x64.ActiveCfg = BuildUITestCI|Any CPU
		{2F1832B2-25E5-423A-9D25-ED32A8CB19E6}.BuildUITestCI|x64.Build.0 = BuildUITestCI|Any CPU
		{2F1832B2-25E5-423A-9D25-ED32A8CB19E6}.BuildUITestCI|x86.ActiveCfg = BuildUITestCI|Any CPU
		{2F1832B2-25E5-423A-9D25-ED32A8CB19E6}.BuildUITestCI|x86.Build.0 = BuildUITestCI|Any CPU
		{2F1832B2-25E5-423A-9D25-ED32A8CB19E6}.Debug|Any CPU.ActiveCfg = Debug|Any CPU
		{2F1832B2-25E5-423A-9D25-ED32A8CB19E6}.Debug|ARM.ActiveCfg = Debug|Any CPU
		{2F1832B2-25E5-423A-9D25-ED32A8CB19E6}.Debug|iPhone.ActiveCfg = Debug|Any CPU
		{2F1832B2-25E5-423A-9D25-ED32A8CB19E6}.Debug|iPhoneSimulator.ActiveCfg = Debug|Any CPU
		{2F1832B2-25E5-423A-9D25-ED32A8CB19E6}.Debug|x64.ActiveCfg = Debug|Any CPU
		{2F1832B2-25E5-423A-9D25-ED32A8CB19E6}.Debug|x86.ActiveCfg = Debug|Any CPU
		{2F1832B2-25E5-423A-9D25-ED32A8CB19E6}.Mock|Any CPU.ActiveCfg = Release|Any CPU
		{2F1832B2-25E5-423A-9D25-ED32A8CB19E6}.Mock|ARM.ActiveCfg = Release|Any CPU
		{2F1832B2-25E5-423A-9D25-ED32A8CB19E6}.Mock|iPhone.ActiveCfg = Release|Any CPU
		{2F1832B2-25E5-423A-9D25-ED32A8CB19E6}.Mock|iPhoneSimulator.ActiveCfg = Release|Any CPU
		{2F1832B2-25E5-423A-9D25-ED32A8CB19E6}.Mock|x64.ActiveCfg = Release|Any CPU
		{2F1832B2-25E5-423A-9D25-ED32A8CB19E6}.Mock|x86.ActiveCfg = Release|Any CPU
		{2F1832B2-25E5-423A-9D25-ED32A8CB19E6}.Release|Any CPU.ActiveCfg = Release|Any CPU
		{2F1832B2-25E5-423A-9D25-ED32A8CB19E6}.Release|ARM.ActiveCfg = Release|Any CPU
		{2F1832B2-25E5-423A-9D25-ED32A8CB19E6}.Release|iPhone.ActiveCfg = Release|Any CPU
		{2F1832B2-25E5-423A-9D25-ED32A8CB19E6}.Release|iPhoneSimulator.ActiveCfg = Release|Any CPU
		{2F1832B2-25E5-423A-9D25-ED32A8CB19E6}.Release|x64.ActiveCfg = Release|Any CPU
		{2F1832B2-25E5-423A-9D25-ED32A8CB19E6}.Release|x86.ActiveCfg = Release|Any CPU
		{2F1832B2-25E5-423A-9D25-ED32A8CB19E6}.ReleaseDeployTestFlight|Any CPU.ActiveCfg = ReleaseDeployTestFlight|Any CPU
		{2F1832B2-25E5-423A-9D25-ED32A8CB19E6}.ReleaseDeployTestFlight|ARM.ActiveCfg = ReleaseDeployTestFlight|Any CPU
		{2F1832B2-25E5-423A-9D25-ED32A8CB19E6}.ReleaseDeployTestFlight|ARM.Build.0 = ReleaseDeployTestFlight|Any CPU
		{2F1832B2-25E5-423A-9D25-ED32A8CB19E6}.ReleaseDeployTestFlight|iPhone.ActiveCfg = ReleaseDeployTestFlight|iPhone
		{2F1832B2-25E5-423A-9D25-ED32A8CB19E6}.ReleaseDeployTestFlight|iPhoneSimulator.ActiveCfg = ReleaseDeployTestFlight|Any CPU
		{2F1832B2-25E5-423A-9D25-ED32A8CB19E6}.ReleaseDeployTestFlight|x64.ActiveCfg = ReleaseDeployTestFlight|Any CPU
		{2F1832B2-25E5-423A-9D25-ED32A8CB19E6}.ReleaseDeployTestFlight|x64.Build.0 = ReleaseDeployTestFlight|Any CPU
		{2F1832B2-25E5-423A-9D25-ED32A8CB19E6}.ReleaseDeployTestFlight|x86.ActiveCfg = ReleaseDeployTestFlight|Any CPU
		{2F1832B2-25E5-423A-9D25-ED32A8CB19E6}.ReleaseDeployTestFlight|x86.Build.0 = ReleaseDeployTestFlight|Any CPU
		{8EDF4429-251A-416D-BB68-93F227191BCF}.BuildUITestCI|Any CPU.ActiveCfg = BuildUITestCI|Any CPU
		{8EDF4429-251A-416D-BB68-93F227191BCF}.BuildUITestCI|ARM.ActiveCfg = BuildUITestCI|Any CPU
		{8EDF4429-251A-416D-BB68-93F227191BCF}.BuildUITestCI|iPhone.ActiveCfg = BuildUITestCI|iPhone
		{8EDF4429-251A-416D-BB68-93F227191BCF}.BuildUITestCI|iPhoneSimulator.ActiveCfg = BuildUITestCI|Any CPU
		{8EDF4429-251A-416D-BB68-93F227191BCF}.BuildUITestCI|x64.ActiveCfg = BuildUITestCI|Any CPU
		{8EDF4429-251A-416D-BB68-93F227191BCF}.BuildUITestCI|x64.Build.0 = BuildUITestCI|Any CPU
		{8EDF4429-251A-416D-BB68-93F227191BCF}.BuildUITestCI|x86.ActiveCfg = BuildUITestCI|Any CPU
		{8EDF4429-251A-416D-BB68-93F227191BCF}.BuildUITestCI|x86.Build.0 = BuildUITestCI|Any CPU
		{8EDF4429-251A-416D-BB68-93F227191BCF}.Debug|Any CPU.ActiveCfg = Debug|Any CPU
		{8EDF4429-251A-416D-BB68-93F227191BCF}.Debug|Any CPU.Build.0 = Debug|Any CPU
		{8EDF4429-251A-416D-BB68-93F227191BCF}.Debug|ARM.ActiveCfg = Debug|Any CPU
		{8EDF4429-251A-416D-BB68-93F227191BCF}.Debug|ARM.Build.0 = Debug|Any CPU
		{8EDF4429-251A-416D-BB68-93F227191BCF}.Debug|iPhone.ActiveCfg = Debug|Any CPU
		{8EDF4429-251A-416D-BB68-93F227191BCF}.Debug|iPhone.Build.0 = Debug|Any CPU
		{8EDF4429-251A-416D-BB68-93F227191BCF}.Debug|iPhoneSimulator.ActiveCfg = Debug|Any CPU
		{8EDF4429-251A-416D-BB68-93F227191BCF}.Debug|iPhoneSimulator.Build.0 = Debug|Any CPU
		{8EDF4429-251A-416D-BB68-93F227191BCF}.Debug|x64.ActiveCfg = Debug|Any CPU
		{8EDF4429-251A-416D-BB68-93F227191BCF}.Debug|x64.Build.0 = Debug|Any CPU
		{8EDF4429-251A-416D-BB68-93F227191BCF}.Debug|x86.ActiveCfg = Debug|Any CPU
		{8EDF4429-251A-416D-BB68-93F227191BCF}.Debug|x86.Build.0 = Debug|Any CPU
		{8EDF4429-251A-416D-BB68-93F227191BCF}.Mock|Any CPU.ActiveCfg = Mock|Any CPU
		{8EDF4429-251A-416D-BB68-93F227191BCF}.Mock|Any CPU.Build.0 = Mock|Any CPU
		{8EDF4429-251A-416D-BB68-93F227191BCF}.Mock|ARM.ActiveCfg = Mock|Any CPU
		{8EDF4429-251A-416D-BB68-93F227191BCF}.Mock|ARM.Build.0 = Mock|Any CPU
		{8EDF4429-251A-416D-BB68-93F227191BCF}.Mock|iPhone.ActiveCfg = Mock|Any CPU
		{8EDF4429-251A-416D-BB68-93F227191BCF}.Mock|iPhone.Build.0 = Mock|Any CPU
		{8EDF4429-251A-416D-BB68-93F227191BCF}.Mock|iPhoneSimulator.ActiveCfg = Mock|Any CPU
		{8EDF4429-251A-416D-BB68-93F227191BCF}.Mock|iPhoneSimulator.Build.0 = Mock|Any CPU
		{8EDF4429-251A-416D-BB68-93F227191BCF}.Mock|x64.ActiveCfg = Mock|Any CPU
		{8EDF4429-251A-416D-BB68-93F227191BCF}.Mock|x64.Build.0 = Mock|Any CPU
		{8EDF4429-251A-416D-BB68-93F227191BCF}.Mock|x86.ActiveCfg = Mock|Any CPU
		{8EDF4429-251A-416D-BB68-93F227191BCF}.Mock|x86.Build.0 = Mock|Any CPU
		{8EDF4429-251A-416D-BB68-93F227191BCF}.Release|Any CPU.ActiveCfg = Release|Any CPU
		{8EDF4429-251A-416D-BB68-93F227191BCF}.Release|Any CPU.Build.0 = Release|Any CPU
		{8EDF4429-251A-416D-BB68-93F227191BCF}.Release|ARM.ActiveCfg = Release|Any CPU
		{8EDF4429-251A-416D-BB68-93F227191BCF}.Release|ARM.Build.0 = Release|Any CPU
		{8EDF4429-251A-416D-BB68-93F227191BCF}.Release|iPhone.ActiveCfg = Release|Any CPU
		{8EDF4429-251A-416D-BB68-93F227191BCF}.Release|iPhone.Build.0 = Release|Any CPU
		{8EDF4429-251A-416D-BB68-93F227191BCF}.Release|iPhoneSimulator.ActiveCfg = Release|Any CPU
		{8EDF4429-251A-416D-BB68-93F227191BCF}.Release|iPhoneSimulator.Build.0 = Release|Any CPU
		{8EDF4429-251A-416D-BB68-93F227191BCF}.Release|x64.ActiveCfg = Release|Any CPU
		{8EDF4429-251A-416D-BB68-93F227191BCF}.Release|x64.Build.0 = Release|Any CPU
		{8EDF4429-251A-416D-BB68-93F227191BCF}.Release|x86.ActiveCfg = Release|Any CPU
		{8EDF4429-251A-416D-BB68-93F227191BCF}.Release|x86.Build.0 = Release|Any CPU
		{8EDF4429-251A-416D-BB68-93F227191BCF}.ReleaseDeployTestFlight|Any CPU.ActiveCfg = ReleaseDeployTestFlight|Any CPU
		{8EDF4429-251A-416D-BB68-93F227191BCF}.ReleaseDeployTestFlight|ARM.ActiveCfg = ReleaseDeployTestFlight|Any CPU
		{8EDF4429-251A-416D-BB68-93F227191BCF}.ReleaseDeployTestFlight|ARM.Build.0 = ReleaseDeployTestFlight|Any CPU
		{8EDF4429-251A-416D-BB68-93F227191BCF}.ReleaseDeployTestFlight|iPhone.ActiveCfg = ReleaseDeployTestFlight|iPhone
		{8EDF4429-251A-416D-BB68-93F227191BCF}.ReleaseDeployTestFlight|iPhoneSimulator.ActiveCfg = ReleaseDeployTestFlight|Any CPU
		{8EDF4429-251A-416D-BB68-93F227191BCF}.ReleaseDeployTestFlight|x64.ActiveCfg = ReleaseDeployTestFlight|Any CPU
		{8EDF4429-251A-416D-BB68-93F227191BCF}.ReleaseDeployTestFlight|x64.Build.0 = ReleaseDeployTestFlight|Any CPU
		{8EDF4429-251A-416D-BB68-93F227191BCF}.ReleaseDeployTestFlight|x86.ActiveCfg = ReleaseDeployTestFlight|Any CPU
		{8EDF4429-251A-416D-BB68-93F227191BCF}.ReleaseDeployTestFlight|x86.Build.0 = ReleaseDeployTestFlight|Any CPU
		{2BCD1A44-858D-4C57-9FB4-CD840D5BFC77}.BuildUITestCI|Any CPU.ActiveCfg = BuildUITestCI|Any CPU
		{2BCD1A44-858D-4C57-9FB4-CD840D5BFC77}.BuildUITestCI|Any CPU.Build.0 = BuildUITestCI|Any CPU
		{2BCD1A44-858D-4C57-9FB4-CD840D5BFC77}.BuildUITestCI|ARM.ActiveCfg = BuildUITestCI|Any CPU
		{2BCD1A44-858D-4C57-9FB4-CD840D5BFC77}.BuildUITestCI|ARM.Build.0 = BuildUITestCI|Any CPU
		{2BCD1A44-858D-4C57-9FB4-CD840D5BFC77}.BuildUITestCI|iPhone.ActiveCfg = BuildUITestCI|iPhone
		{2BCD1A44-858D-4C57-9FB4-CD840D5BFC77}.BuildUITestCI|iPhone.Build.0 = BuildUITestCI|iPhone
		{2BCD1A44-858D-4C57-9FB4-CD840D5BFC77}.BuildUITestCI|iPhoneSimulator.ActiveCfg = BuildUITestCI|Any CPU
		{2BCD1A44-858D-4C57-9FB4-CD840D5BFC77}.BuildUITestCI|iPhoneSimulator.Build.0 = BuildUITestCI|Any CPU
		{2BCD1A44-858D-4C57-9FB4-CD840D5BFC77}.BuildUITestCI|x64.ActiveCfg = BuildUITestCI|Any CPU
		{2BCD1A44-858D-4C57-9FB4-CD840D5BFC77}.BuildUITestCI|x64.Build.0 = BuildUITestCI|Any CPU
		{2BCD1A44-858D-4C57-9FB4-CD840D5BFC77}.BuildUITestCI|x86.ActiveCfg = BuildUITestCI|Any CPU
		{2BCD1A44-858D-4C57-9FB4-CD840D5BFC77}.BuildUITestCI|x86.Build.0 = BuildUITestCI|Any CPU
		{2BCD1A44-858D-4C57-9FB4-CD840D5BFC77}.Debug|Any CPU.ActiveCfg = Debug|Any CPU
		{2BCD1A44-858D-4C57-9FB4-CD840D5BFC77}.Debug|ARM.ActiveCfg = Debug|Any CPU
		{2BCD1A44-858D-4C57-9FB4-CD840D5BFC77}.Debug|ARM.Build.0 = Debug|Any CPU
		{2BCD1A44-858D-4C57-9FB4-CD840D5BFC77}.Debug|iPhone.ActiveCfg = Debug|Any CPU
		{2BCD1A44-858D-4C57-9FB4-CD840D5BFC77}.Debug|iPhone.Build.0 = Debug|Any CPU
		{2BCD1A44-858D-4C57-9FB4-CD840D5BFC77}.Debug|iPhoneSimulator.ActiveCfg = Debug|Any CPU
		{2BCD1A44-858D-4C57-9FB4-CD840D5BFC77}.Debug|x64.ActiveCfg = Debug|Any CPU
		{2BCD1A44-858D-4C57-9FB4-CD840D5BFC77}.Debug|x64.Build.0 = Debug|Any CPU
		{2BCD1A44-858D-4C57-9FB4-CD840D5BFC77}.Debug|x86.ActiveCfg = Debug|Any CPU
		{2BCD1A44-858D-4C57-9FB4-CD840D5BFC77}.Debug|x86.Build.0 = Debug|Any CPU
		{2BCD1A44-858D-4C57-9FB4-CD840D5BFC77}.Mock|Any CPU.ActiveCfg = Release|Any CPU
		{2BCD1A44-858D-4C57-9FB4-CD840D5BFC77}.Mock|ARM.ActiveCfg = Release|Any CPU
		{2BCD1A44-858D-4C57-9FB4-CD840D5BFC77}.Mock|iPhone.ActiveCfg = Release|Any CPU
		{2BCD1A44-858D-4C57-9FB4-CD840D5BFC77}.Mock|iPhoneSimulator.ActiveCfg = Release|Any CPU
		{2BCD1A44-858D-4C57-9FB4-CD840D5BFC77}.Mock|x64.ActiveCfg = Release|Any CPU
		{2BCD1A44-858D-4C57-9FB4-CD840D5BFC77}.Mock|x86.ActiveCfg = Release|Any CPU
		{2BCD1A44-858D-4C57-9FB4-CD840D5BFC77}.Release|Any CPU.ActiveCfg = Release|Any CPU
		{2BCD1A44-858D-4C57-9FB4-CD840D5BFC77}.Release|Any CPU.Build.0 = Release|Any CPU
		{2BCD1A44-858D-4C57-9FB4-CD840D5BFC77}.Release|ARM.ActiveCfg = Release|Any CPU
		{2BCD1A44-858D-4C57-9FB4-CD840D5BFC77}.Release|ARM.Build.0 = Release|Any CPU
		{2BCD1A44-858D-4C57-9FB4-CD840D5BFC77}.Release|iPhone.ActiveCfg = Release|Any CPU
		{2BCD1A44-858D-4C57-9FB4-CD840D5BFC77}.Release|iPhone.Build.0 = Release|Any CPU
		{2BCD1A44-858D-4C57-9FB4-CD840D5BFC77}.Release|iPhoneSimulator.ActiveCfg = Release|Any CPU
		{2BCD1A44-858D-4C57-9FB4-CD840D5BFC77}.Release|iPhoneSimulator.Build.0 = Release|Any CPU
		{2BCD1A44-858D-4C57-9FB4-CD840D5BFC77}.Release|x64.ActiveCfg = Release|Any CPU
		{2BCD1A44-858D-4C57-9FB4-CD840D5BFC77}.Release|x64.Build.0 = Release|Any CPU
		{2BCD1A44-858D-4C57-9FB4-CD840D5BFC77}.Release|x86.ActiveCfg = Release|Any CPU
		{2BCD1A44-858D-4C57-9FB4-CD840D5BFC77}.Release|x86.Build.0 = Release|Any CPU
		{2BCD1A44-858D-4C57-9FB4-CD840D5BFC77}.ReleaseDeployTestFlight|Any CPU.ActiveCfg = Release|Any CPU
		{2BCD1A44-858D-4C57-9FB4-CD840D5BFC77}.ReleaseDeployTestFlight|ARM.ActiveCfg = Release|Any CPU
		{2BCD1A44-858D-4C57-9FB4-CD840D5BFC77}.ReleaseDeployTestFlight|iPhone.ActiveCfg = Release|Any CPU
		{2BCD1A44-858D-4C57-9FB4-CD840D5BFC77}.ReleaseDeployTestFlight|iPhoneSimulator.ActiveCfg = Release|Any CPU
		{2BCD1A44-858D-4C57-9FB4-CD840D5BFC77}.ReleaseDeployTestFlight|x64.ActiveCfg = Release|Any CPU
		{2BCD1A44-858D-4C57-9FB4-CD840D5BFC77}.ReleaseDeployTestFlight|x86.ActiveCfg = Release|Any CPU
		{058AFCAE-8566-4C36-BE82-3858BF20277C}.BuildUITestCI|Any CPU.ActiveCfg = BuildUITestCI|Any CPU
		{058AFCAE-8566-4C36-BE82-3858BF20277C}.BuildUITestCI|Any CPU.Build.0 = BuildUITestCI|Any CPU
		{058AFCAE-8566-4C36-BE82-3858BF20277C}.BuildUITestCI|ARM.ActiveCfg = BuildUITestCI|Any CPU
		{058AFCAE-8566-4C36-BE82-3858BF20277C}.BuildUITestCI|ARM.Build.0 = BuildUITestCI|Any CPU
		{058AFCAE-8566-4C36-BE82-3858BF20277C}.BuildUITestCI|iPhone.ActiveCfg = BuildUITestCI|iPhone
		{058AFCAE-8566-4C36-BE82-3858BF20277C}.BuildUITestCI|iPhone.Build.0 = BuildUITestCI|iPhone
		{058AFCAE-8566-4C36-BE82-3858BF20277C}.BuildUITestCI|iPhoneSimulator.ActiveCfg = BuildUITestCI|Any CPU
		{058AFCAE-8566-4C36-BE82-3858BF20277C}.BuildUITestCI|iPhoneSimulator.Build.0 = BuildUITestCI|Any CPU
		{058AFCAE-8566-4C36-BE82-3858BF20277C}.BuildUITestCI|x64.ActiveCfg = BuildUITestCI|Any CPU
		{058AFCAE-8566-4C36-BE82-3858BF20277C}.BuildUITestCI|x64.Build.0 = BuildUITestCI|Any CPU
		{058AFCAE-8566-4C36-BE82-3858BF20277C}.BuildUITestCI|x86.ActiveCfg = BuildUITestCI|Any CPU
		{058AFCAE-8566-4C36-BE82-3858BF20277C}.BuildUITestCI|x86.Build.0 = BuildUITestCI|Any CPU
		{058AFCAE-8566-4C36-BE82-3858BF20277C}.Debug|Any CPU.ActiveCfg = Debug|Any CPU
		{058AFCAE-8566-4C36-BE82-3858BF20277C}.Debug|ARM.ActiveCfg = Debug|Any CPU
		{058AFCAE-8566-4C36-BE82-3858BF20277C}.Debug|ARM.Build.0 = Debug|Any CPU
		{058AFCAE-8566-4C36-BE82-3858BF20277C}.Debug|iPhone.ActiveCfg = Debug|Any CPU
		{058AFCAE-8566-4C36-BE82-3858BF20277C}.Debug|iPhone.Build.0 = Debug|Any CPU
		{058AFCAE-8566-4C36-BE82-3858BF20277C}.Debug|iPhoneSimulator.ActiveCfg = Debug|Any CPU
		{058AFCAE-8566-4C36-BE82-3858BF20277C}.Debug|x64.ActiveCfg = Debug|Any CPU
		{058AFCAE-8566-4C36-BE82-3858BF20277C}.Debug|x64.Build.0 = Debug|Any CPU
		{058AFCAE-8566-4C36-BE82-3858BF20277C}.Debug|x86.ActiveCfg = Debug|Any CPU
		{058AFCAE-8566-4C36-BE82-3858BF20277C}.Debug|x86.Build.0 = Debug|Any CPU
		{058AFCAE-8566-4C36-BE82-3858BF20277C}.Mock|Any CPU.ActiveCfg = Release|Any CPU
		{058AFCAE-8566-4C36-BE82-3858BF20277C}.Mock|ARM.ActiveCfg = Release|Any CPU
		{058AFCAE-8566-4C36-BE82-3858BF20277C}.Mock|iPhone.ActiveCfg = Release|Any CPU
		{058AFCAE-8566-4C36-BE82-3858BF20277C}.Mock|iPhoneSimulator.ActiveCfg = Release|Any CPU
		{058AFCAE-8566-4C36-BE82-3858BF20277C}.Mock|x64.ActiveCfg = Release|Any CPU
		{058AFCAE-8566-4C36-BE82-3858BF20277C}.Mock|x86.ActiveCfg = Release|Any CPU
		{058AFCAE-8566-4C36-BE82-3858BF20277C}.Release|Any CPU.ActiveCfg = Release|Any CPU
		{058AFCAE-8566-4C36-BE82-3858BF20277C}.Release|Any CPU.Build.0 = Release|Any CPU
		{058AFCAE-8566-4C36-BE82-3858BF20277C}.Release|ARM.ActiveCfg = Release|Any CPU
		{058AFCAE-8566-4C36-BE82-3858BF20277C}.Release|ARM.Build.0 = Release|Any CPU
		{058AFCAE-8566-4C36-BE82-3858BF20277C}.Release|iPhone.ActiveCfg = Release|Any CPU
		{058AFCAE-8566-4C36-BE82-3858BF20277C}.Release|iPhone.Build.0 = Release|Any CPU
		{058AFCAE-8566-4C36-BE82-3858BF20277C}.Release|iPhoneSimulator.ActiveCfg = Release|Any CPU
		{058AFCAE-8566-4C36-BE82-3858BF20277C}.Release|iPhoneSimulator.Build.0 = Release|Any CPU
		{058AFCAE-8566-4C36-BE82-3858BF20277C}.Release|x64.ActiveCfg = Release|Any CPU
		{058AFCAE-8566-4C36-BE82-3858BF20277C}.Release|x64.Build.0 = Release|Any CPU
		{058AFCAE-8566-4C36-BE82-3858BF20277C}.Release|x86.ActiveCfg = Release|Any CPU
		{058AFCAE-8566-4C36-BE82-3858BF20277C}.Release|x86.Build.0 = Release|Any CPU
		{058AFCAE-8566-4C36-BE82-3858BF20277C}.ReleaseDeployTestFlight|Any CPU.ActiveCfg = Release|Any CPU
		{058AFCAE-8566-4C36-BE82-3858BF20277C}.ReleaseDeployTestFlight|ARM.ActiveCfg = Release|Any CPU
		{058AFCAE-8566-4C36-BE82-3858BF20277C}.ReleaseDeployTestFlight|iPhone.ActiveCfg = Release|Any CPU
		{058AFCAE-8566-4C36-BE82-3858BF20277C}.ReleaseDeployTestFlight|iPhoneSimulator.ActiveCfg = Release|Any CPU
		{058AFCAE-8566-4C36-BE82-3858BF20277C}.ReleaseDeployTestFlight|x64.ActiveCfg = Release|Any CPU
		{058AFCAE-8566-4C36-BE82-3858BF20277C}.ReleaseDeployTestFlight|x86.ActiveCfg = Release|Any CPU
		{48661B74-5A66-44EC-A4D3-D3CBF9024D95}.BuildUITestCI|Any CPU.ActiveCfg = BuildUITestCI|Any CPU
		{48661B74-5A66-44EC-A4D3-D3CBF9024D95}.BuildUITestCI|Any CPU.Build.0 = BuildUITestCI|Any CPU
		{48661B74-5A66-44EC-A4D3-D3CBF9024D95}.BuildUITestCI|ARM.ActiveCfg = BuildUITestCI|Any CPU
		{48661B74-5A66-44EC-A4D3-D3CBF9024D95}.BuildUITestCI|ARM.Build.0 = BuildUITestCI|Any CPU
		{48661B74-5A66-44EC-A4D3-D3CBF9024D95}.BuildUITestCI|iPhone.ActiveCfg = BuildUITestCI|iPhone
		{48661B74-5A66-44EC-A4D3-D3CBF9024D95}.BuildUITestCI|iPhone.Build.0 = BuildUITestCI|iPhone
		{48661B74-5A66-44EC-A4D3-D3CBF9024D95}.BuildUITestCI|iPhoneSimulator.ActiveCfg = BuildUITestCI|Any CPU
		{48661B74-5A66-44EC-A4D3-D3CBF9024D95}.BuildUITestCI|iPhoneSimulator.Build.0 = BuildUITestCI|Any CPU
		{48661B74-5A66-44EC-A4D3-D3CBF9024D95}.BuildUITestCI|x64.ActiveCfg = BuildUITestCI|Any CPU
		{48661B74-5A66-44EC-A4D3-D3CBF9024D95}.BuildUITestCI|x64.Build.0 = BuildUITestCI|Any CPU
		{48661B74-5A66-44EC-A4D3-D3CBF9024D95}.BuildUITestCI|x86.ActiveCfg = BuildUITestCI|Any CPU
		{48661B74-5A66-44EC-A4D3-D3CBF9024D95}.BuildUITestCI|x86.Build.0 = BuildUITestCI|Any CPU
		{48661B74-5A66-44EC-A4D3-D3CBF9024D95}.Debug|Any CPU.ActiveCfg = Debug|Any CPU
		{48661B74-5A66-44EC-A4D3-D3CBF9024D95}.Debug|ARM.ActiveCfg = Debug|Any CPU
		{48661B74-5A66-44EC-A4D3-D3CBF9024D95}.Debug|ARM.Build.0 = Debug|Any CPU
		{48661B74-5A66-44EC-A4D3-D3CBF9024D95}.Debug|iPhone.ActiveCfg = Debug|Any CPU
		{48661B74-5A66-44EC-A4D3-D3CBF9024D95}.Debug|iPhone.Build.0 = Debug|Any CPU
		{48661B74-5A66-44EC-A4D3-D3CBF9024D95}.Debug|iPhoneSimulator.ActiveCfg = Debug|Any CPU
		{48661B74-5A66-44EC-A4D3-D3CBF9024D95}.Debug|x64.ActiveCfg = Debug|Any CPU
		{48661B74-5A66-44EC-A4D3-D3CBF9024D95}.Debug|x64.Build.0 = Debug|Any CPU
		{48661B74-5A66-44EC-A4D3-D3CBF9024D95}.Debug|x86.ActiveCfg = Debug|Any CPU
		{48661B74-5A66-44EC-A4D3-D3CBF9024D95}.Debug|x86.Build.0 = Debug|Any CPU
		{48661B74-5A66-44EC-A4D3-D3CBF9024D95}.Mock|Any CPU.ActiveCfg = Release|Any CPU
		{48661B74-5A66-44EC-A4D3-D3CBF9024D95}.Mock|ARM.ActiveCfg = Release|Any CPU
		{48661B74-5A66-44EC-A4D3-D3CBF9024D95}.Mock|iPhone.ActiveCfg = Release|Any CPU
		{48661B74-5A66-44EC-A4D3-D3CBF9024D95}.Mock|iPhoneSimulator.ActiveCfg = Release|Any CPU
		{48661B74-5A66-44EC-A4D3-D3CBF9024D95}.Mock|x64.ActiveCfg = Release|Any CPU
		{48661B74-5A66-44EC-A4D3-D3CBF9024D95}.Mock|x86.ActiveCfg = Release|Any CPU
		{48661B74-5A66-44EC-A4D3-D3CBF9024D95}.Release|Any CPU.ActiveCfg = Release|Any CPU
		{48661B74-5A66-44EC-A4D3-D3CBF9024D95}.Release|Any CPU.Build.0 = Release|Any CPU
		{48661B74-5A66-44EC-A4D3-D3CBF9024D95}.Release|ARM.ActiveCfg = Release|Any CPU
		{48661B74-5A66-44EC-A4D3-D3CBF9024D95}.Release|ARM.Build.0 = Release|Any CPU
		{48661B74-5A66-44EC-A4D3-D3CBF9024D95}.Release|iPhone.ActiveCfg = Release|Any CPU
		{48661B74-5A66-44EC-A4D3-D3CBF9024D95}.Release|iPhone.Build.0 = Release|Any CPU
		{48661B74-5A66-44EC-A4D3-D3CBF9024D95}.Release|iPhoneSimulator.ActiveCfg = Release|Any CPU
		{48661B74-5A66-44EC-A4D3-D3CBF9024D95}.Release|iPhoneSimulator.Build.0 = Release|Any CPU
		{48661B74-5A66-44EC-A4D3-D3CBF9024D95}.Release|x64.ActiveCfg = Release|Any CPU
		{48661B74-5A66-44EC-A4D3-D3CBF9024D95}.Release|x64.Build.0 = Release|Any CPU
		{48661B74-5A66-44EC-A4D3-D3CBF9024D95}.Release|x86.ActiveCfg = Release|Any CPU
		{48661B74-5A66-44EC-A4D3-D3CBF9024D95}.Release|x86.Build.0 = Release|Any CPU
		{48661B74-5A66-44EC-A4D3-D3CBF9024D95}.ReleaseDeployTestFlight|Any CPU.ActiveCfg = Release|Any CPU
		{48661B74-5A66-44EC-A4D3-D3CBF9024D95}.ReleaseDeployTestFlight|ARM.ActiveCfg = Release|Any CPU
		{48661B74-5A66-44EC-A4D3-D3CBF9024D95}.ReleaseDeployTestFlight|iPhone.ActiveCfg = Release|Any CPU
		{48661B74-5A66-44EC-A4D3-D3CBF9024D95}.ReleaseDeployTestFlight|iPhoneSimulator.ActiveCfg = Release|Any CPU
		{48661B74-5A66-44EC-A4D3-D3CBF9024D95}.ReleaseDeployTestFlight|x64.ActiveCfg = Release|Any CPU
		{48661B74-5A66-44EC-A4D3-D3CBF9024D95}.ReleaseDeployTestFlight|x86.ActiveCfg = Release|Any CPU
		{CF96F005-E787-4848-8463-11288F8CF1CD}.BuildUITestCI|Any CPU.ActiveCfg = BuildUITestCI|Any CPU
		{CF96F005-E787-4848-8463-11288F8CF1CD}.BuildUITestCI|ARM.ActiveCfg = BuildUITestCI|Any CPU
		{CF96F005-E787-4848-8463-11288F8CF1CD}.BuildUITestCI|iPhone.ActiveCfg = BuildUITestCI|Any CPU
		{CF96F005-E787-4848-8463-11288F8CF1CD}.BuildUITestCI|iPhoneSimulator.ActiveCfg = BuildUITestCI|Any CPU
		{CF96F005-E787-4848-8463-11288F8CF1CD}.BuildUITestCI|x64.ActiveCfg = BuildUITestCI|Any CPU
		{CF96F005-E787-4848-8463-11288F8CF1CD}.BuildUITestCI|x64.Build.0 = BuildUITestCI|Any CPU
		{CF96F005-E787-4848-8463-11288F8CF1CD}.BuildUITestCI|x86.ActiveCfg = BuildUITestCI|Any CPU
		{CF96F005-E787-4848-8463-11288F8CF1CD}.BuildUITestCI|x86.Build.0 = BuildUITestCI|Any CPU
		{CF96F005-E787-4848-8463-11288F8CF1CD}.Debug|Any CPU.ActiveCfg = Debug|Any CPU
		{CF96F005-E787-4848-8463-11288F8CF1CD}.Debug|Any CPU.Build.0 = Debug|Any CPU
		{CF96F005-E787-4848-8463-11288F8CF1CD}.Debug|ARM.ActiveCfg = Debug|Any CPU
		{CF96F005-E787-4848-8463-11288F8CF1CD}.Debug|ARM.Build.0 = Debug|Any CPU
		{CF96F005-E787-4848-8463-11288F8CF1CD}.Debug|iPhone.ActiveCfg = Debug|Any CPU
		{CF96F005-E787-4848-8463-11288F8CF1CD}.Debug|iPhone.Build.0 = Debug|Any CPU
		{CF96F005-E787-4848-8463-11288F8CF1CD}.Debug|iPhoneSimulator.ActiveCfg = Debug|Any CPU
		{CF96F005-E787-4848-8463-11288F8CF1CD}.Debug|iPhoneSimulator.Build.0 = Debug|Any CPU
		{CF96F005-E787-4848-8463-11288F8CF1CD}.Debug|x64.ActiveCfg = Debug|Any CPU
		{CF96F005-E787-4848-8463-11288F8CF1CD}.Debug|x64.Build.0 = Debug|Any CPU
		{CF96F005-E787-4848-8463-11288F8CF1CD}.Debug|x86.ActiveCfg = Debug|Any CPU
		{CF96F005-E787-4848-8463-11288F8CF1CD}.Debug|x86.Build.0 = Debug|Any CPU
		{CF96F005-E787-4848-8463-11288F8CF1CD}.Mock|Any CPU.ActiveCfg = Release|Any CPU
		{CF96F005-E787-4848-8463-11288F8CF1CD}.Mock|Any CPU.Build.0 = Release|Any CPU
		{CF96F005-E787-4848-8463-11288F8CF1CD}.Mock|ARM.ActiveCfg = Release|Any CPU
		{CF96F005-E787-4848-8463-11288F8CF1CD}.Mock|ARM.Build.0 = Release|Any CPU
		{CF96F005-E787-4848-8463-11288F8CF1CD}.Mock|iPhone.ActiveCfg = Release|Any CPU
		{CF96F005-E787-4848-8463-11288F8CF1CD}.Mock|iPhone.Build.0 = Release|Any CPU
		{CF96F005-E787-4848-8463-11288F8CF1CD}.Mock|iPhoneSimulator.ActiveCfg = Release|Any CPU
		{CF96F005-E787-4848-8463-11288F8CF1CD}.Mock|iPhoneSimulator.Build.0 = Release|Any CPU
		{CF96F005-E787-4848-8463-11288F8CF1CD}.Mock|x64.ActiveCfg = Release|Any CPU
		{CF96F005-E787-4848-8463-11288F8CF1CD}.Mock|x64.Build.0 = Release|Any CPU
		{CF96F005-E787-4848-8463-11288F8CF1CD}.Mock|x86.ActiveCfg = Release|Any CPU
		{CF96F005-E787-4848-8463-11288F8CF1CD}.Mock|x86.Build.0 = Release|Any CPU
		{CF96F005-E787-4848-8463-11288F8CF1CD}.Release|Any CPU.ActiveCfg = Release|Any CPU
		{CF96F005-E787-4848-8463-11288F8CF1CD}.Release|Any CPU.Build.0 = Release|Any CPU
		{CF96F005-E787-4848-8463-11288F8CF1CD}.Release|ARM.ActiveCfg = Release|Any CPU
		{CF96F005-E787-4848-8463-11288F8CF1CD}.Release|ARM.Build.0 = Release|Any CPU
		{CF96F005-E787-4848-8463-11288F8CF1CD}.Release|iPhone.ActiveCfg = Release|Any CPU
		{CF96F005-E787-4848-8463-11288F8CF1CD}.Release|iPhone.Build.0 = Release|Any CPU
		{CF96F005-E787-4848-8463-11288F8CF1CD}.Release|iPhoneSimulator.ActiveCfg = Release|Any CPU
		{CF96F005-E787-4848-8463-11288F8CF1CD}.Release|iPhoneSimulator.Build.0 = Release|Any CPU
		{CF96F005-E787-4848-8463-11288F8CF1CD}.Release|x64.ActiveCfg = Release|Any CPU
		{CF96F005-E787-4848-8463-11288F8CF1CD}.Release|x64.Build.0 = Release|Any CPU
		{CF96F005-E787-4848-8463-11288F8CF1CD}.Release|x86.ActiveCfg = Release|Any CPU
		{CF96F005-E787-4848-8463-11288F8CF1CD}.Release|x86.Build.0 = Release|Any CPU
		{CF96F005-E787-4848-8463-11288F8CF1CD}.ReleaseDeployTestFlight|Any CPU.ActiveCfg = Release|Any CPU
		{CF96F005-E787-4848-8463-11288F8CF1CD}.ReleaseDeployTestFlight|ARM.ActiveCfg = Release|Any CPU
		{CF96F005-E787-4848-8463-11288F8CF1CD}.ReleaseDeployTestFlight|ARM.Build.0 = Release|Any CPU
		{CF96F005-E787-4848-8463-11288F8CF1CD}.ReleaseDeployTestFlight|iPhone.ActiveCfg = Release|Any CPU
		{CF96F005-E787-4848-8463-11288F8CF1CD}.ReleaseDeployTestFlight|iPhoneSimulator.ActiveCfg = Release|Any CPU
		{CF96F005-E787-4848-8463-11288F8CF1CD}.ReleaseDeployTestFlight|x64.ActiveCfg = Release|Any CPU
		{CF96F005-E787-4848-8463-11288F8CF1CD}.ReleaseDeployTestFlight|x64.Build.0 = Release|Any CPU
		{CF96F005-E787-4848-8463-11288F8CF1CD}.ReleaseDeployTestFlight|x86.ActiveCfg = Release|Any CPU
		{CF96F005-E787-4848-8463-11288F8CF1CD}.ReleaseDeployTestFlight|x86.Build.0 = Release|Any CPU
		{D81BE27C-9D0C-4A63-9155-9EA7028ADB31}.BuildUITestCI|Any CPU.ActiveCfg = BuildUITestCI|iPhoneSimulator
		{D81BE27C-9D0C-4A63-9155-9EA7028ADB31}.BuildUITestCI|ARM.ActiveCfg = BuildUITestCI|iPhone
		{D81BE27C-9D0C-4A63-9155-9EA7028ADB31}.BuildUITestCI|iPhone.ActiveCfg = BuildUITestCI|iPhone
		{D81BE27C-9D0C-4A63-9155-9EA7028ADB31}.BuildUITestCI|iPhoneSimulator.ActiveCfg = BuildUITestCI|iPhoneSimulator
		{D81BE27C-9D0C-4A63-9155-9EA7028ADB31}.BuildUITestCI|x64.ActiveCfg = BuildUITestCI|iPhone
		{D81BE27C-9D0C-4A63-9155-9EA7028ADB31}.BuildUITestCI|x86.ActiveCfg = BuildUITestCI|iPhone
		{D81BE27C-9D0C-4A63-9155-9EA7028ADB31}.Debug|Any CPU.ActiveCfg = Debug|iPhone
		{D81BE27C-9D0C-4A63-9155-9EA7028ADB31}.Debug|ARM.ActiveCfg = Debug|iPhone
		{D81BE27C-9D0C-4A63-9155-9EA7028ADB31}.Debug|iPhone.ActiveCfg = Debug|iPhone
		{D81BE27C-9D0C-4A63-9155-9EA7028ADB31}.Debug|iPhone.Build.0 = Debug|iPhone
		{D81BE27C-9D0C-4A63-9155-9EA7028ADB31}.Debug|iPhoneSimulator.ActiveCfg = Debug|iPhoneSimulator
		{D81BE27C-9D0C-4A63-9155-9EA7028ADB31}.Debug|iPhoneSimulator.Build.0 = Debug|iPhoneSimulator
		{D81BE27C-9D0C-4A63-9155-9EA7028ADB31}.Debug|x64.ActiveCfg = Debug|iPhone
		{D81BE27C-9D0C-4A63-9155-9EA7028ADB31}.Debug|x86.ActiveCfg = Debug|iPhone
		{D81BE27C-9D0C-4A63-9155-9EA7028ADB31}.Mock|Any CPU.ActiveCfg = Mock|iPhone
		{D81BE27C-9D0C-4A63-9155-9EA7028ADB31}.Mock|ARM.ActiveCfg = Mock|iPhone
		{D81BE27C-9D0C-4A63-9155-9EA7028ADB31}.Mock|iPhone.ActiveCfg = Mock|iPhone
		{D81BE27C-9D0C-4A63-9155-9EA7028ADB31}.Mock|iPhoneSimulator.ActiveCfg = Mock|iPhoneSimulator
		{D81BE27C-9D0C-4A63-9155-9EA7028ADB31}.Mock|iPhoneSimulator.Build.0 = Mock|iPhoneSimulator
		{D81BE27C-9D0C-4A63-9155-9EA7028ADB31}.Mock|x64.ActiveCfg = Mock|iPhone
		{D81BE27C-9D0C-4A63-9155-9EA7028ADB31}.Mock|x86.ActiveCfg = Mock|iPhone
		{D81BE27C-9D0C-4A63-9155-9EA7028ADB31}.Release|Any CPU.ActiveCfg = Release|iPhone
		{D81BE27C-9D0C-4A63-9155-9EA7028ADB31}.Release|ARM.ActiveCfg = Release|iPhone
		{D81BE27C-9D0C-4A63-9155-9EA7028ADB31}.Release|iPhone.ActiveCfg = Release|iPhone
		{D81BE27C-9D0C-4A63-9155-9EA7028ADB31}.Release|iPhone.Build.0 = Release|iPhone
		{D81BE27C-9D0C-4A63-9155-9EA7028ADB31}.Release|iPhoneSimulator.ActiveCfg = Release|iPhoneSimulator
		{D81BE27C-9D0C-4A63-9155-9EA7028ADB31}.Release|iPhoneSimulator.Build.0 = Release|iPhoneSimulator
		{D81BE27C-9D0C-4A63-9155-9EA7028ADB31}.Release|x64.ActiveCfg = Release|iPhone
		{D81BE27C-9D0C-4A63-9155-9EA7028ADB31}.Release|x86.ActiveCfg = Release|iPhone
		{D81BE27C-9D0C-4A63-9155-9EA7028ADB31}.ReleaseDeployTestFlight|Any CPU.ActiveCfg = ReleaseDeployTestFlight|iPhoneSimulator
		{D81BE27C-9D0C-4A63-9155-9EA7028ADB31}.ReleaseDeployTestFlight|ARM.ActiveCfg = ReleaseDeployTestFlight|iPhoneSimulator
		{D81BE27C-9D0C-4A63-9155-9EA7028ADB31}.ReleaseDeployTestFlight|iPhone.ActiveCfg = ReleaseDeployTestFlight|iPhone
		{D81BE27C-9D0C-4A63-9155-9EA7028ADB31}.ReleaseDeployTestFlight|iPhone.Build.0 = ReleaseDeployTestFlight|iPhone
		{D81BE27C-9D0C-4A63-9155-9EA7028ADB31}.ReleaseDeployTestFlight|iPhoneSimulator.ActiveCfg = ReleaseDeployTestFlight|iPhoneSimulator
		{D81BE27C-9D0C-4A63-9155-9EA7028ADB31}.ReleaseDeployTestFlight|iPhoneSimulator.Build.0 = ReleaseDeployTestFlight|iPhoneSimulator
		{D81BE27C-9D0C-4A63-9155-9EA7028ADB31}.ReleaseDeployTestFlight|x64.ActiveCfg = ReleaseDeployTestFlight|iPhoneSimulator
		{D81BE27C-9D0C-4A63-9155-9EA7028ADB31}.ReleaseDeployTestFlight|x86.ActiveCfg = ReleaseDeployTestFlight|iPhoneSimulator
		{D81BE27C-9D0C-4A63-9155-9EA7028ADB31}.BuildUITestCI|iPhone.Build.0 = BuildUITestCI|iPhone
		{D81BE27C-9D0C-4A63-9155-9EA7028ADB31}.BuildUITestCI|iPhoneSimulator.Build.0 = BuildUITestCI|iPhoneSimulator
	EndGlobalSection
	GlobalSection(SolutionProperties) = preSolution
		HideSolutionNode = FALSE
	EndGlobalSection
	GlobalSection(NestedProjects) = preSolution
		{226B3910-28CA-49D6-86F7-03E8EA1AA154} = {9EE09997-9D85-4EAC-868B-9F1ACCE95275}
		{7F3B2F22-9EF0-48A2-BF77-5B9C772EE5ED} = {9EE09997-9D85-4EAC-868B-9F1ACCE95275}
		{DD4ABA75-21AF-479E-84E6-BF254CB89CEF} = {2D552951-C32A-498A-A641-7686F08C4242}
		{DAE192EE-C1FD-4E9D-8B6F-A3CE53F2B263} = {2D552951-C32A-498A-A641-7686F08C4242}
		{2F1832B2-25E5-423A-9D25-ED32A8CB19E6} = {2D552951-C32A-498A-A641-7686F08C4242}
		{8EDF4429-251A-416D-BB68-93F227191BCF} = {ABFA0CEB-971B-4495-9869-AD665C39E0F3}
		{2BCD1A44-858D-4C57-9FB4-CD840D5BFC77} = {51B199F5-69C8-471A-95F4-C68839E26F2E}
		{058AFCAE-8566-4C36-BE82-3858BF20277C} = {51B199F5-69C8-471A-95F4-C68839E26F2E}
		{48661B74-5A66-44EC-A4D3-D3CBF9024D95} = {51B199F5-69C8-471A-95F4-C68839E26F2E}
		{CF96F005-E787-4848-8463-11288F8CF1CD} = {ABFA0CEB-971B-4495-9869-AD665C39E0F3}
		{D81BE27C-9D0C-4A63-9155-9EA7028ADB31} = {9EE09997-9D85-4EAC-868B-9F1ACCE95275}
	EndGlobalSection
	GlobalSection(ExtensibilityGlobals) = postSolution
		SolutionGuid = {2A34276B-4097-445C-8D9F-4E15910696E7}
	EndGlobalSection
EndGlobal
